<?xml version="1.0" encoding="utf-8"?>
<Project ToolsVersion="4.0" xmlns="http://schemas.microsoft.com/developer/msbuild/2003">
  <ItemGroup>
    <Filter Include="Source Files">
      <UniqueIdentifier>{4FC737F1-C7A5-4376-A066-2A32D752A2FF}</UniqueIdentifier>
      <Extensions>cpp;c;cc;cxx;c++;cppm;ixx;def;odl;idl;hpj;bat;asm;asmx</Extensions>
    </Filter>
    <Filter Include="Header Files">
      <UniqueIdentifier>{93995380-89BD-4b04-88EB-625FBE52EBFB}</UniqueIdentifier>
      <Extensions>h;hh;hpp;hxx;h++;hm;inl;inc;ipp;xsd</Extensions>
    </Filter>
    <Filter Include="core">
      <UniqueIdentifier>{cf3f000b-9c49-4ac4-a597-671d672a9b2e}</UniqueIdentifier>
    </Filter>
    <Filter Include="scenes">
      <UniqueIdentifier>{081b2570-b4cd-4dab-9cb1-340c47a721d5}</UniqueIdentifier>
    </Filter>
    <Filter Include="ui">
      <UniqueIdentifier>{0f253b83-01c1-452a-b1ad-61dcb34713ed}</UniqueIdentifier>
    </Filter>
    <Filter Include="entities">
      <UniqueIdentifier>{6f2a8f07-f2d9-421f-93ea-668743ef2e18}</UniqueIdentifier>
    </Filter>
  </ItemGroup>
  <ItemGroup>
    <ClCompile Include="Final Project Cuisine Warriors.cpp">
      <Filter>Source Files</Filter>
    </ClCompile>
    <ClCompile Include="src\core\Game.cpp">
      <Filter>core</Filter>
    </ClCompile>
    <ClCompile Include="src\core\Scene.cpp">
      <Filter>core</Filter>
    </ClCompile>
    <ClCompile Include="src\core\SceneManager.cpp">
      <Filter>core</Filter>
    </ClCompile>
    <ClCompile Include="src\core\ResourceManager.cpp">
      <Filter>core</Filter>
    </ClCompile>
    <ClCompile Include="src\scenes\GameplayScene.cpp">
      <Filter>scenes</Filter>
    </ClCompile>
    <ClCompile Include="src\scenes\IntroScene.cpp">
      <Filter>scenes</Filter>
    </ClCompile>
    <ClCompile Include="src\entities\Player.cpp">
      <Filter>entities</Filter>
    </ClCompile>
    <ClCompile Include="src\entities\Soldier.cpp">
      <Filter>entities</Filter>
    </ClCompile>
    <ClCompile Include="src\core\InputManager.cpp">
      <Filter>Source Files</Filter>
    </ClCompile>
    <ClCompile Include="src\core\Time.cpp">
      <Filter>Source Files</Filter>
    </ClCompile>
    <ClCompile Include="src\entities\Entity.cpp">
      <Filter>Source Files</Filter>
    </ClCompile>
    <ClCompile Include="src\ai\AIController.cpp">
      <Filter>Source Files</Filter>
    </ClCompile>
    <ClCompile Include="src\battle\Battlefield.cpp">
      <Filter>Source Files</Filter>
    </ClCompile>
    <ClCompile Include="src\battle\Node.cpp">
      <Filter>Source Files</Filter>
    </ClCompile>
    <ClCompile Include="src\battle\MoraleSystem.cpp">
      <Filter>Source Files</Filter>
    </ClCompile>
    <ClCompile Include="src\battle\EventManager.cpp">
      <Filter>Source Files</Filter>
    </ClCompile>
    <ClCompile Include="src\battle\CombatManager.cpp">
      <Filter>Source Files</Filter>
    </ClCompile>
    <ClCompile Include="src\ui\Hud.cpp">
      <Filter>Source Files</Filter>
    </ClCompile>
    <ClCompile Include="src\effects\EffectsManager.cpp">
      <Filter>Source Files</Filter>
    </ClCompile>
    <ClCompile Include="src\effects\ParticleSystem.cpp">
      <Filter>Source Files</Filter>
    </ClCompile>
    <ClCompile Include="src\ui\MessageFeed.cpp">
      <Filter>Source Files</Filter>
    </ClCompile>
    <ClCompile Include="src\entities\Officer.cpp">
      <Filter>Source Files</Filter>
    </ClCompile>
    <ClCompile Include="src\ai\OfficerController.cpp">
      <Filter>Source Files</Filter>
    </ClCompile>
  </ItemGroup>
  <ItemGroup>
    <ClInclude Include="src\core\Game.hpp">
      <Filter>Header Files</Filter>
    </ClInclude>
    <ClInclude Include="src\core\ResourceManager.hpp">
      <Filter>Header Files</Filter>
    </ClInclude>
    <ClInclude Include="src\core\Scene.hpp">
      <Filter>Header Files</Filter>
    </ClInclude>
    <ClInclude Include="src\core\SceneManager.hpp">
      <Filter>Header Files</Filter>
    </ClInclude>
    <ClInclude Include="src\entities\Soldier.hpp">
      <Filter>Header Files</Filter>
    </ClInclude>
    <ClInclude Include="src\entities\Player.hpp">
      <Filter>Header Files</Filter>
    </ClInclude>
    <ClInclude Include="src\scenes\GameplayScene.hpp">
      <Filter>Header Files</Filter>
    </ClInclude>
    <ClInclude Include="src\scenes\IntroScene.hpp">
      <Filter>Header Files</Filter>
    </ClInclude>
    <ClInclude Include="src\core\InputManager.hpp">
      <Filter>Header Files</Filter>
    </ClInclude>
    <ClInclude Include="src\core\Time.hpp">
      <Filter>Header Files</Filter>
    </ClInclude>
    <ClInclude Include="src\entities\Entity.hpp">
      <Filter>Header Files</Filter>
    </ClInclude>
    <ClInclude Include="src\ai\AIController.hpp">
      <Filter>Header Files</Filter>
    </ClInclude>
    <ClInclude Include="src\battle\Battlefield.hpp">
      <Filter>Header Files</Filter>
    </ClInclude>
    <ClInclude Include="src\battle\CombatManager.hpp">
      <Filter>Header Files</Filter>
    </ClInclude>
    <ClInclude Include="src\battle\EventManager.hpp">
      <Filter>Header Files</Filter>
    </ClInclude>
    <ClInclude Include="src\battle\MoraleSystem.hpp">
      <Filter>Header Files</Filter>
    </ClInclude>
    <ClInclude Include="src\battle\Node.hpp">
      <Filter>Header Files</Filter>
    </ClInclude>
    <ClInclude Include="src\effects\EffectsManager.hpp">
      <Filter>Header Files</Filter>
    </ClInclude>
    <ClInclude Include="src\effects\ParticleSystem.hpp">
      <Filter>Header Files</Filter>
    </ClInclude>
    <ClInclude Include="src\ui\Hud.hpp">
      <Filter>Header Files</Filter>
    </ClInclude>
    <ClInclude Include="src\ui\MessageFeed.hpp">
      <Filter>Header Files</Filter>
    </ClInclude>
    <ClInclude Include="src\entities\Officer.hpp">
      <Filter>Header Files</Filter>
    </ClInclude>
    <ClInclude Include="src\ai\OfficerController.hpp">
      <Filter>Header Files</Filter>
    </ClInclude>
    <ClInclude Include="src\core\CollisionMask.hpp">
      <Filter>Header Files</Filter>
    </ClInclude>
  </ItemGroup>
  <ItemGroup>
    <Image Include="assets\textures\Mel.png" />
    <Image Include="x64\Debug\assets\textures\Mel.png" />
    <Image Include="assets\textures\BurgerHero.png" />
    <Image Include="assets\textures\Officer.png" />
    <Image Include="assets\textures\Soldier.png" />
    <Image Include="assets\textures\TestMap1.png" />
    <Image Include="assets\textures\TestMap1Masking.png" />
  </ItemGroup>
  <ItemGroup>
    <None Include="x64\Debug\FinalProject SteelMirage.exe" />
    <None Include="x64\Debug\FinalProject SteelMirage.pdb" />
    <None Include="x64\Debug\sfml-audio-d-3.dll" />
    <None Include="x64\Debug\sfml-graphics-d-3.dll" />
    <None Include="x64\Debug\sfml-system-d-3.dll" />
    <None Include="x64\Debug\sfml-window-d-3.dll" />
    <None Include="Final Project Cuisine Warriors.slnx" />
  </ItemGroup>
  <ItemGroup>
    <Font Include="assets\fonts\arial.TTF" />
  </ItemGroup>
</Project>